
Microsoft Visual Studio Solution File, Format Version 12.00
# Visual Studio Version 16
VisualStudioVersion = 16.0.31321.278
MinimumVisualStudioVersion = 10.0.40219.1
Project("{9A19103F-16F7-4668-BE54-9A1E7A4F7556}") = "MeterTest", "MeterTest\MeterTest.csproj", "{2E44BC6C-93CF-4AFC-92AA-67BEC93DCFFB}"
EndProject
Global
	GlobalSection(SolutionConfigurationPlatforms) = preSolution
		Debug|Any CPU = Debug|Any CPU
		Release|Any CPU = Release|Any CPU
	EndGlobalSection
	GlobalSection(ProjectConfigurationPlatforms) = postSolution
		{2E44BC6C-93CF-4AFC-92AA-67BEC93DCFFB}.Debug|Any CPU.ActiveCfg = Debug|Any CPU
		{2E44BC6C-93CF-4AFC-92AA-67BEC93DCFFB}.Debug|Any CPU.Build.0 = Debug|Any CPU
		{2E44BC6C-93CF-4AFC-92AA-67BEC93DCFFB}.Release|Any CPU.ActiveCfg = Release|Any CPU
		{2E44BC6C-93CF-4AFC-92AA-67BEC93DCFFB}.Release|Any CPU.Build.0 = Release|Any CPU
	EndGlobalSection
	GlobalSection(SolutionProperties) = preSolution
		HideSolutionNode = FALSE
	EndGlobalSection
	GlobalSection(ExtensibilityGlobals) = postSolution
		SolutionGuid = {72641A8C-8757-4AEB-A02D-2515E26C50BD}
	EndGlobalSection
EndGlobal
